
Microsoft Visual Studio Solution File, Format Version 12.00
# Visual Studio Version 17
VisualStudioVersion = 17.4.33213.308
MinimumVisualStudioVersion = 10.0.40219.1
Project("{FAE04EC0-301F-11D3-BF4B-00C04F79EFBC}") = "ExportExcel", "ExportExcel\ExportExcel.csproj", "{8618B692-833D-413B-AB29-FFA29FB9914E}"
EndProject
Global
	GlobalSection(SolutionConfigurationPlatforms) = preSolution
		Debug|Any CPU = Debug|Any CPU
		Release|Any CPU = Release|Any CPU
	EndGlobalSection
	GlobalSection(ProjectConfigurationPlatforms) = postSolution
		{8618B692-833D-413B-AB29-FFA29FB9914E}.Debug|Any CPU.ActiveCfg = Debug|Any CPU
		{8618B692-833D-413B-AB29-FFA29FB9914E}.Debug|Any CPU.Build.0 = Debug|Any CPU
		{8618B692-833D-413B-AB29-FFA29FB9914E}.Release|Any CPU.ActiveCfg = Release|Any CPU
		{8618B692-833D-413B-AB29-FFA29FB9914E}.Release|Any CPU.Build.0 = Release|Any CPU
	EndGlobalSection
	GlobalSection(SolutionProperties) = preSolution
		HideSolutionNode = FALSE
	EndGlobalSection
	GlobalSection(ExtensibilityGlobals) = postSolution
		SolutionGuid = {F31262B8-5A0B-4805-8D9D-694760BF8427}
	EndGlobalSection
EndGlobal
